
Microsoft Visual Studio Solution File, Format Version 12.00
# Visual Studio Version 17
VisualStudioVersion = 17.2.32616.157
MinimumVisualStudioVersion = 10.0.40219.1
Project("{9A19103F-16F7-4668-BE54-9A1E7A4F7556}") = "GNations.Web", "GNations.Web\GNations.Web.csproj", "{3952E239-1A6F-4DCE-B80D-4EFBE3990BF2}"
EndProject
Project("{9A19103F-16F7-4668-BE54-9A1E7A4F7556}") = "GNations.Resources", "GNations.Resources\GNations.Resources.csproj", "{3FC39968-338F-4C0B-B2CB-6979AAAE31C9}"
EndProject
Project("{9A19103F-16F7-4668-BE54-9A1E7A4F7556}") = "GNations.Models", "GNations.Dto\GNations.Models.csproj", "{87F748B1-706E-4119-AC2A-9D93AFBA6A83}"
EndProject
Project("{9A19103F-16F7-4668-BE54-9A1E7A4F7556}") = "GNations.Services", "GNations.Services\GNations.Services.csproj", "{C92211E5-43D8-4AFD-BB76-E495BC1C5F26}"
EndProject
Global
	GlobalSection(SolutionConfigurationPlatforms) = preSolution
		Debug|Any CPU = Debug|Any CPU
		Release|Any CPU = Release|Any CPU
	EndGlobalSection
	GlobalSection(ProjectConfigurationPlatforms) = postSolution
		{3952E239-1A6F-4DCE-B80D-4EFBE3990BF2}.Debug|Any CPU.ActiveCfg = Debug|Any CPU
		{3952E239-1A6F-4DCE-B80D-4EFBE3990BF2}.Debug|Any CPU.Build.0 = Debug|Any CPU
		{3952E239-1A6F-4DCE-B80D-4EFBE3990BF2}.Release|Any CPU.ActiveCfg = Release|Any CPU
		{3952E239-1A6F-4DCE-B80D-4EFBE3990BF2}.Release|Any CPU.Build.0 = Release|Any CPU
		{3FC39968-338F-4C0B-B2CB-6979AAAE31C9}.Debug|Any CPU.ActiveCfg = Debug|Any CPU
		{3FC39968-338F-4C0B-B2CB-6979AAAE31C9}.Debug|Any CPU.Build.0 = Debug|Any CPU
		{3FC39968-338F-4C0B-B2CB-6979AAAE31C9}.Release|Any CPU.ActiveCfg = Release|Any CPU
		{3FC39968-338F-4C0B-B2CB-6979AAAE31C9}.Release|Any CPU.Build.0 = Release|Any CPU
		{87F748B1-706E-4119-AC2A-9D93AFBA6A83}.Debug|Any CPU.ActiveCfg = Debug|Any CPU
		{87F748B1-706E-4119-AC2A-9D93AFBA6A83}.Debug|Any CPU.Build.0 = Debug|Any CPU
		{87F748B1-706E-4119-AC2A-9D93AFBA6A83}.Release|Any CPU.ActiveCfg = Release|Any CPU
		{87F748B1-706E-4119-AC2A-9D93AFBA6A83}.Release|Any CPU.Build.0 = Release|Any CPU
		{C92211E5-43D8-4AFD-BB76-E495BC1C5F26}.Debug|Any CPU.ActiveCfg = Debug|Any CPU
		{C92211E5-43D8-4AFD-BB76-E495BC1C5F26}.Debug|Any CPU.Build.0 = Debug|Any CPU
		{C92211E5-43D8-4AFD-BB76-E495BC1C5F26}.Release|Any CPU.ActiveCfg = Release|Any CPU
		{C92211E5-43D8-4AFD-BB76-E495BC1C5F26}.Release|Any CPU.Build.0 = Release|Any CPU
	EndGlobalSection
	GlobalSection(SolutionProperties) = preSolution
		HideSolutionNode = FALSE
	EndGlobalSection
	GlobalSection(ExtensibilityGlobals) = postSolution
		SolutionGuid = {A686C864-5ACD-4743-9910-A3B793F5EA9F}
	EndGlobalSection
EndGlobal
